// !$*UTF8*$!
{
	archiveVersion = 1;
	classes = {
	};
	objectVersion = 55;
	objects = {

/* Begin PBXBuildFile section */
		05586E0827FDA165001E8D29 /* TestUtils in Frameworks */ = {isa = PBXBuildFile; productRef = 05586E0727FDA165001E8D29 /* TestUtils */; };
		05586E0A27FDA16A001E8D29 /* DomainTestUtils in Frameworks */ = {isa = PBXBuildFile; productRef = 05586E0927FDA16A001E8D29 /* DomainTestUtils */; };
		0559261427A868BA00026919 /* Localizable.strings in Resources */ = {isa = PBXBuildFile; fileRef = 0559261627A868BA00026919 /* Localizable.strings */; };
		05BF196B27FCB2B500A5B10E /* Domain in Frameworks */ = {isa = PBXBuildFile; productRef = 05BF196A27FCB2B500A5B10E /* Domain */; };
		05DAC2FC2797258A0062CC6F /* AppDelegate.swift in Sources */ = {isa = PBXBuildFile; fileRef = 05DAC2FB2797258A0062CC6F /* AppDelegate.swift */; };
		05DAC2FE2797258A0062CC6F /* SceneDelegate.swift in Sources */ = {isa = PBXBuildFile; fileRef = 05DAC2FD2797258A0062CC6F /* SceneDelegate.swift */; };
		05DAC3052797258C0062CC6F /* Assets.xcassets in Resources */ = {isa = PBXBuildFile; fileRef = 05DAC3042797258C0062CC6F /* Assets.xcassets */; };
		05DAC3082797258C0062CC6F /* LaunchScreen.storyboard in Resources */ = {isa = PBXBuildFile; fileRef = 05DAC3062797258C0062CC6F /* LaunchScreen.storyboard */; };
		4C3717EC287B1D13000E1BD7 /* Presentation in Frameworks */ = {isa = PBXBuildFile; productRef = 4C3717EB287B1D13000E1BD7 /* Presentation */; };
		4C9E7BCA2879D8F70049420F /* Data in Frameworks */ = {isa = PBXBuildFile; productRef = 4C9E7BC92879D8F70049420F /* Data */; };
		4CAF28352883089400D88D80 /* App in Frameworks */ = {isa = PBXBuildFile; productRef = 4CAF28342883089400D88D80 /* App */; };
		4CCBBF112879CBC7001DF9CD /* Data in Resources */ = {isa = PBXBuildFile; fileRef = 4CCBBF102879CBC7001DF9CD /* Data */; };
/* End PBXBuildFile section */

/* Begin PBXContainerItemProxy section */
		05DAC30F2797258C0062CC6F /* PBXContainerItemProxy */ = {
			isa = PBXContainerItemProxy;
			containerPortal = 05DAC2F02797258A0062CC6F /* Project object */;
			proxyType = 1;
			remoteGlobalIDString = 05DAC2F72797258A0062CC6F;
			remoteInfo = Marvel;
		};
/* End PBXContainerItemProxy section */

/* Begin PBXFileReference section */
		0502C85B27FCB218005D1CA8 /* Domain */ = {isa = PBXFileReference; lastKnownFileType = wrapper; path = Domain; sourceTree = "<group>"; };
		0545944D2798872700A634AD /* Debug.xcconfig */ = {isa = PBXFileReference; lastKnownFileType = text.xcconfig; path = Debug.xcconfig; sourceTree = "<group>"; };
		0545944E2798872D00A634AD /* Release.xcconfig */ = {isa = PBXFileReference; lastKnownFileType = text.xcconfig; path = Release.xcconfig; sourceTree = "<group>"; };
		0549ECEA27FA150200F0790E /* Stage.xcconfig */ = {isa = PBXFileReference; lastKnownFileType = text.xcconfig; path = Stage.xcconfig; sourceTree = "<group>"; };
		0559261527A868BA00026919 /* en */ = {isa = PBXFileReference; lastKnownFileType = text.plist.strings; name = en; path = en.lproj/Localizable.strings; sourceTree = "<group>"; };
		0559261927A869CD00026919 /* es */ = {isa = PBXFileReference; lastKnownFileType = text.plist.strings; name = es; path = es.lproj/Localizable.strings; sourceTree = "<group>"; };
		05D1993727FD8AC6007144FE /* TestUtils */ = {isa = PBXFileReference; lastKnownFileType = text; name = TestUtils; path = Marvel/Sources/TestUtils; sourceTree = SOURCE_ROOT; };
		05DAC2F82797258A0062CC6F /* Marvel Debug.app */ = {isa = PBXFileReference; explicitFileType = wrapper.application; includeInIndex = 0; path = "Marvel Debug.app"; sourceTree = BUILT_PRODUCTS_DIR; };
		05DAC2FB2797258A0062CC6F /* AppDelegate.swift */ = {isa = PBXFileReference; lastKnownFileType = sourcecode.swift; path = AppDelegate.swift; sourceTree = "<group>"; };
		05DAC2FD2797258A0062CC6F /* SceneDelegate.swift */ = {isa = PBXFileReference; lastKnownFileType = sourcecode.swift; path = SceneDelegate.swift; sourceTree = "<group>"; };
		05DAC3042797258C0062CC6F /* Assets.xcassets */ = {isa = PBXFileReference; lastKnownFileType = folder.assetcatalog; path = Assets.xcassets; sourceTree = "<group>"; };
		05DAC3072797258C0062CC6F /* Base */ = {isa = PBXFileReference; lastKnownFileType = file.storyboard; name = Base; path = Base.lproj/LaunchScreen.storyboard; sourceTree = "<group>"; };
		05DAC3092797258C0062CC6F /* Info.plist */ = {isa = PBXFileReference; lastKnownFileType = text.plist.xml; path = Info.plist; sourceTree = "<group>"; };
		05DAC30E2797258C0062CC6F /* MarvelTests.xctest */ = {isa = PBXFileReference; explicitFileType = wrapper.cfbundle; includeInIndex = 0; path = MarvelTests.xctest; sourceTree = BUILT_PRODUCTS_DIR; };
		4C764571287B114D006F2C83 /* Presentation */ = {isa = PBXFileReference; lastKnownFileType = wrapper; path = Presentation; sourceTree = "<group>"; };
		4C795A252882E4D700DB4C0E /* App */ = {isa = PBXFileReference; lastKnownFileType = wrapper; path = App; sourceTree = "<group>"; };
		4CCBBF102879CBC7001DF9CD /* Data */ = {isa = PBXFileReference; lastKnownFileType = wrapper; path = Data; sourceTree = "<group>"; };
/* End PBXFileReference section */

/* Begin PBXFrameworksBuildPhase section */
		05DAC2F52797258A0062CC6F /* Frameworks */ = {
			isa = PBXFrameworksBuildPhase;
			buildActionMask = 2147483647;
			files = (
				4CAF28352883089400D88D80 /* App in Frameworks */,
				4C9E7BCA2879D8F70049420F /* Data in Frameworks */,
				4C3717EC287B1D13000E1BD7 /* Presentation in Frameworks */,
				05BF196B27FCB2B500A5B10E /* Domain in Frameworks */,
			);
			runOnlyForDeploymentPostprocessing = 0;
		};
		05DAC30B2797258C0062CC6F /* Frameworks */ = {
			isa = PBXFrameworksBuildPhase;
			buildActionMask = 2147483647;
			files = (
				05586E0A27FDA16A001E8D29 /* DomainTestUtils in Frameworks */,
				05586E0827FDA165001E8D29 /* TestUtils in Frameworks */,
			);
			runOnlyForDeploymentPostprocessing = 0;
		};
/* End PBXFrameworksBuildPhase section */

/* Begin PBXGroup section */
		0545944C2798871C00A634AD /* Configuration */ = {
			isa = PBXGroup;
			children = (
				05DAC3092797258C0062CC6F /* Info.plist */,
				0545944D2798872700A634AD /* Debug.xcconfig */,
				0549ECEA27FA150200F0790E /* Stage.xcconfig */,
				0545944E2798872D00A634AD /* Release.xcconfig */,
			);
			path = Configuration;
			sourceTree = "<group>";
		};
		0559261127A8687D00026919 /* Localization */ = {
			isa = PBXGroup;
			children = (
				0559261627A868BA00026919 /* Localizable.strings */,
			);
			path = Localization;
			sourceTree = "<group>";
		};
		05BF196927FCB2B500A5B10E /* Frameworks */ = {
			isa = PBXGroup;
			children = (
			);
			name = Frameworks;
			sourceTree = "<group>";
		};
		05DAC2EF2797258A0062CC6F = {
			isa = PBXGroup;
			children = (
				05DAC2FA2797258A0062CC6F /* Marvel */,
				05DAC3112797258C0062CC6F /* MarvelTests */,
				05DAC2F92797258A0062CC6F /* Products */,
				05BF196927FCB2B500A5B10E /* Frameworks */,
			);
			sourceTree = "<group>";
		};
		05DAC2F92797258A0062CC6F /* Products */ = {
			isa = PBXGroup;
			children = (
				05DAC2F82797258A0062CC6F /* Marvel Debug.app */,
				05DAC30E2797258C0062CC6F /* MarvelTests.xctest */,
			);
			name = Products;
			sourceTree = "<group>";
		};
		05DAC2FA2797258A0062CC6F /* Marvel */ = {
			isa = PBXGroup;
			children = (
				0545944C2798871C00A634AD /* Configuration */,
				05DAC32D2797396C0062CC6F /* Resources */,
				05DAC32B279739610062CC6F /* Sources */,
			);
			path = Marvel;
			sourceTree = "<group>";
		};
		05DAC3112797258C0062CC6F /* MarvelTests */ = {
			isa = PBXGroup;
			children = (
				05D1993727FD8AC6007144FE /* TestUtils */,
			);
			path = MarvelTests;
			sourceTree = "<group>";
		};
		05DAC32B279739610062CC6F /* Sources */ = {
			isa = PBXGroup;
			children = (
				05DAC2FB2797258A0062CC6F /* AppDelegate.swift */,
				05DAC2FD2797258A0062CC6F /* SceneDelegate.swift */,
				4C795A252882E4D700DB4C0E /* App */,
				4C764571287B114D006F2C83 /* Presentation */,
				4CCBBF102879CBC7001DF9CD /* Data */,
				0502C85B27FCB218005D1CA8 /* Domain */,
			);
			path = Sources;
			sourceTree = "<group>";
		};
		05DAC32D2797396C0062CC6F /* Resources */ = {
			isa = PBXGroup;
			children = (
				05DAC3042797258C0062CC6F /* Assets.xcassets */,
				05DAC3062797258C0062CC6F /* LaunchScreen.storyboard */,
				0559261127A8687D00026919 /* Localization */,
			);
			path = Resources;
			sourceTree = "<group>";
		};
/* End PBXGroup section */

/* Begin PBXNativeTarget section */
		05DAC2F72797258A0062CC6F /* Marvel */ = {
			isa = PBXNativeTarget;
			buildConfigurationList = 05DAC3222797258C0062CC6F /* Build configuration list for PBXNativeTarget "Marvel" */;
			buildPhases = (
				4C9670AB2879F49100207B72 /* Run SwiftFormat */,
				0559260E27A8586E00026919 /* Run SwiftLint Integration Script */,
				05DAC2F42797258A0062CC6F /* Sources */,
				05DAC2F52797258A0062CC6F /* Frameworks */,
				05DAC2F62797258A0062CC6F /* Resources */,
			);
			buildRules = (
			);
			dependencies = (
			);
			name = Marvel;
			packageProductDependencies = (
				05BF196A27FCB2B500A5B10E /* Domain */,
				4C9E7BC92879D8F70049420F /* Data */,
				4C3717EB287B1D13000E1BD7 /* Presentation */,
				4CAF28342883089400D88D80 /* App */,
			);
			productName = Marvel;
			productReference = 05DAC2F82797258A0062CC6F /* Marvel Debug.app */;
			productType = "com.apple.product-type.application";
		};
		05DAC30D2797258C0062CC6F /* MarvelTests */ = {
			isa = PBXNativeTarget;
			buildConfigurationList = 05DAC3252797258C0062CC6F /* Build configuration list for PBXNativeTarget "MarvelTests" */;
			buildPhases = (
				05DAC30A2797258C0062CC6F /* Sources */,
				05DAC30B2797258C0062CC6F /* Frameworks */,
				05DAC30C2797258C0062CC6F /* Resources */,
			);
			buildRules = (
			);
			dependencies = (
				05BE8CA127FD97930013C857 /* PBXTargetDependency */,
				059F164C27FD911500C4F383 /* PBXTargetDependency */,
				05DAC3102797258C0062CC6F /* PBXTargetDependency */,
			);
			name = MarvelTests;
			packageProductDependencies = (
				05586E0727FDA165001E8D29 /* TestUtils */,
				05586E0927FDA16A001E8D29 /* DomainTestUtils */,
			);
			productName = MarvelTests;
			productReference = 05DAC30E2797258C0062CC6F /* MarvelTests.xctest */;
			productType = "com.apple.product-type.bundle.unit-test";
		};
/* End PBXNativeTarget section */

/* Begin PBXProject section */
		05DAC2F02797258A0062CC6F /* Project object */ = {
			isa = PBXProject;
			attributes = {
				BuildIndependentTargetsInParallel = 1;
				LastSwiftUpdateCheck = 1320;
				LastUpgradeCheck = 1320;
				TargetAttributes = {
					05DAC2F72797258A0062CC6F = {
						CreatedOnToolsVersion = 13.2.1;
					};
					05DAC30D2797258C0062CC6F = {
						CreatedOnToolsVersion = 13.2.1;
						LastSwiftMigration = 1320;
						TestTargetID = 05DAC2F72797258A0062CC6F;
					};
				};
			};
			buildConfigurationList = 05DAC2F32797258A0062CC6F /* Build configuration list for PBXProject "Marvel" */;
			compatibilityVersion = "Xcode 13.0";
			developmentRegion = en;
			hasScannedForEncodings = 0;
			knownRegions = (
				en,
				Base,
				es,
			);
			mainGroup = 05DAC2EF2797258A0062CC6F;
			productRefGroup = 05DAC2F92797258A0062CC6F /* Products */;
			projectDirPath = "";
			projectRoot = "";
			targets = (
				05DAC2F72797258A0062CC6F /* Marvel */,
				05DAC30D2797258C0062CC6F /* MarvelTests */,
			);
		};
/* End PBXProject section */

/* Begin PBXResourcesBuildPhase section */
		05DAC2F62797258A0062CC6F /* Resources */ = {
			isa = PBXResourcesBuildPhase;
			buildActionMask = 2147483647;
			files = (
				0559261427A868BA00026919 /* Localizable.strings in Resources */,
				05DAC3082797258C0062CC6F /* LaunchScreen.storyboard in Resources */,
				05DAC3052797258C0062CC6F /* Assets.xcassets in Resources */,
				4CCBBF112879CBC7001DF9CD /* Data in Resources */,
			);
			runOnlyForDeploymentPostprocessing = 0;
		};
		05DAC30C2797258C0062CC6F /* Resources */ = {
			isa = PBXResourcesBuildPhase;
			buildActionMask = 2147483647;
			files = (
			);
			runOnlyForDeploymentPostprocessing = 0;
		};
/* End PBXResourcesBuildPhase section */

/* Begin PBXShellScriptBuildPhase section */
		0559260E27A8586E00026919 /* Run SwiftLint Integration Script */ = {
			isa = PBXShellScriptBuildPhase;
			buildActionMask = 2147483647;
			files = (
			);
			inputFileListPaths = (
			);
			inputPaths = (
			);
			name = "Run SwiftLint Integration Script";
			outputFileListPaths = (
			);
			outputPaths = (
			);
			runOnlyForDeploymentPostprocessing = 0;
			shellPath = /bin/sh;
			shellScript = "export PATH=\"$PATH:/opt/homebrew/bin\"\n\nif which swiftlint >/dev/null; then\n  swiftlint\nelse\n  echo \"warning: SwiftLint not installed, download from https://github.com/realm/SwiftLint\"\nfi\n";
		};
		4C9670AB2879F49100207B72 /* Run SwiftFormat */ = {
			isa = PBXShellScriptBuildPhase;
			buildActionMask = 2147483647;
			files = (
			);
			inputFileListPaths = (
			);
			inputPaths = (
			);
			name = "Run SwiftFormat";
			outputFileListPaths = (
			);
			outputPaths = (
			);
			runOnlyForDeploymentPostprocessing = 0;
			shellPath = /bin/sh;
			shellScript = "export PATH=\"$PATH:/opt/homebrew/bin\"\n\nif which swiftformat >/dev/null; then\n  swiftformat .\nelse\n  echo \"warning: SwiftFormat not installed, download from https://github.com/nicklockwood/SwiftFormat\"\nfi\n";
		};
/* End PBXShellScriptBuildPhase section */

/* Begin PBXSourcesBuildPhase section */
		05DAC2F42797258A0062CC6F /* Sources */ = {
			isa = PBXSourcesBuildPhase;
			buildActionMask = 2147483647;
			files = (
				05DAC2FC2797258A0062CC6F /* AppDelegate.swift in Sources */,
				05DAC2FE2797258A0062CC6F /* SceneDelegate.swift in Sources */,
			);
			runOnlyForDeploymentPostprocessing = 0;
		};
		05DAC30A2797258C0062CC6F /* Sources */ = {
			isa = PBXSourcesBuildPhase;
			buildActionMask = 2147483647;
			files = (
			);
			runOnlyForDeploymentPostprocessing = 0;
		};
/* End PBXSourcesBuildPhase section */

/* Begin PBXTargetDependency section */
		059F164C27FD911500C4F383 /* PBXTargetDependency */ = {
			isa = PBXTargetDependency;
			productRef = 059F164B27FD911500C4F383 /* TestUtils */;
		};
		05BE8CA127FD97930013C857 /* PBXTargetDependency */ = {
			isa = PBXTargetDependency;
			productRef = 05BE8CA027FD97930013C857 /* DomainTestUtils */;
		};
		05DAC3102797258C0062CC6F /* PBXTargetDependency */ = {
			isa = PBXTargetDependency;
			target = 05DAC2F72797258A0062CC6F /* Marvel */;
			targetProxy = 05DAC30F2797258C0062CC6F /* PBXContainerItemProxy */;
		};
/* End PBXTargetDependency section */

/* Begin PBXVariantGroup section */
		0559261627A868BA00026919 /* Localizable.strings */ = {
			isa = PBXVariantGroup;
			children = (
				0559261527A868BA00026919 /* en */,
				0559261927A869CD00026919 /* es */,
			);
			name = Localizable.strings;
			sourceTree = "<group>";
		};
		05DAC3062797258C0062CC6F /* LaunchScreen.storyboard */ = {
			isa = PBXVariantGroup;
			children = (
				05DAC3072797258C0062CC6F /* Base */,
			);
			name = LaunchScreen.storyboard;
			sourceTree = "<group>";
		};
/* End PBXVariantGroup section */

/* Begin XCBuildConfiguration section */
		0549ECE727FA14D200F0790E /* Stage */ = {
			isa = XCBuildConfiguration;
			baseConfigurationReference = 0549ECEA27FA150200F0790E /* Stage.xcconfig */;
			buildSettings = {
				ALWAYS_SEARCH_USER_PATHS = NO;
				CLANG_ANALYZER_LOCALIZABILITY_NONLOCALIZED = YES;
				CLANG_ANALYZER_NONNULL = YES;
				CLANG_ANALYZER_NUMBER_OBJECT_CONVERSION = YES_AGGRESSIVE;
				CLANG_CXX_LANGUAGE_STANDARD = "gnu++17";
				CLANG_CXX_LIBRARY = "libc++";
				CLANG_ENABLE_MODULES = YES;
				CLANG_ENABLE_OBJC_ARC = YES;
				CLANG_ENABLE_OBJC_WEAK = YES;
				CLANG_WARN_BLOCK_CAPTURE_AUTORELEASING = YES;
				CLANG_WARN_BOOL_CONVERSION = YES;
				CLANG_WARN_COMMA = YES;
				CLANG_WARN_CONSTANT_CONVERSION = YES;
				CLANG_WARN_DEPRECATED_OBJC_IMPLEMENTATIONS = YES;
				CLANG_WARN_DIRECT_OBJC_ISA_USAGE = YES_ERROR;
				CLANG_WARN_DOCUMENTATION_COMMENTS = YES;
				CLANG_WARN_EMPTY_BODY = YES;
				CLANG_WARN_ENUM_CONVERSION = YES;
				CLANG_WARN_INFINITE_RECURSION = YES;
				CLANG_WARN_INT_CONVERSION = YES;
				CLANG_WARN_NON_LITERAL_NULL_CONVERSION = YES;
				CLANG_WARN_OBJC_IMPLICIT_RETAIN_SELF = YES;
				CLANG_WARN_OBJC_LITERAL_CONVERSION = YES;
				CLANG_WARN_OBJC_ROOT_CLASS = YES_ERROR;
				CLANG_WARN_QUOTED_INCLUDE_IN_FRAMEWORK_HEADER = YES;
				CLANG_WARN_RANGE_LOOP_ANALYSIS = YES;
				CLANG_WARN_STRICT_PROTOTYPES = YES;
				CLANG_WARN_SUSPICIOUS_MOVE = YES;
				CLANG_WARN_UNGUARDED_AVAILABILITY = YES_AGGRESSIVE;
				CLANG_WARN_UNREACHABLE_CODE = YES;
				CLANG_WARN__DUPLICATE_METHOD_MATCH = YES;
				COPY_PHASE_STRIP = NO;
				DEBUG_INFORMATION_FORMAT = dwarf;
				ENABLE_STRICT_OBJC_MSGSEND = YES;
				ENABLE_TESTABILITY = YES;
				GCC_C_LANGUAGE_STANDARD = gnu11;
				GCC_DYNAMIC_NO_PIC = NO;
				GCC_NO_COMMON_BLOCKS = YES;
				GCC_OPTIMIZATION_LEVEL = 0;
				GCC_PREPROCESSOR_DEFINITIONS = (
					"DEBUG=1",
					"$(inherited)",
				);
				GCC_WARN_64_TO_32_BIT_CONVERSION = YES;
				GCC_WARN_ABOUT_RETURN_TYPE = YES_ERROR;
				GCC_WARN_UNDECLARED_SELECTOR = YES;
				GCC_WARN_UNINITIALIZED_AUTOS = YES_AGGRESSIVE;
				GCC_WARN_UNUSED_FUNCTION = YES;
				GCC_WARN_UNUSED_VARIABLE = YES;
				IPHONEOS_DEPLOYMENT_TARGET = 15.2;
				MTL_ENABLE_DEBUG_INFO = INCLUDE_SOURCE;
				MTL_FAST_MATH = YES;
				ONLY_ACTIVE_ARCH = YES;
				SDKROOT = iphoneos;
				SWIFT_ACTIVE_COMPILATION_CONDITIONS = DEBUG;
				SWIFT_OPTIMIZATION_LEVEL = "-Onone";
			};
			name = Stage;
		};
		0549ECE827FA14D200F0790E /* Stage */ = {
			isa = XCBuildConfiguration;
			buildSettings = {
				ASSETCATALOG_COMPILER_APPICON_NAME = AppIcon;
				ASSETCATALOG_COMPILER_GLOBAL_ACCENT_COLOR_NAME = AccentColor;
				CODE_SIGN_STYLE = Automatic;
				CURRENT_PROJECT_VERSION = 1;
				GENERATE_INFOPLIST_FILE = YES;
				INFOPLIST_FILE = Marvel/Configuration/Info.plist;
				INFOPLIST_KEY_UIApplicationSupportsIndirectInputEvents = YES;
				INFOPLIST_KEY_UILaunchStoryboardName = LaunchScreen;
				INFOPLIST_KEY_UISupportedInterfaceOrientations_iPad = "UIInterfaceOrientationPortrait UIInterfaceOrientationPortraitUpsideDown UIInterfaceOrientationLandscapeLeft UIInterfaceOrientationLandscapeRight";
				INFOPLIST_KEY_UISupportedInterfaceOrientations_iPhone = "UIInterfaceOrientationPortrait UIInterfaceOrientationLandscapeLeft UIInterfaceOrientationLandscapeRight";
				LD_RUNPATH_SEARCH_PATHS = (
					"$(inherited)",
					"@executable_path/Frameworks",
				);
				MARKETING_VERSION = 1.1;
				PRODUCT_BUNDLE_IDENTIFIER = com.drogel.Marvel;
				PRODUCT_NAME = "$(PRODUCT_NAME)";
				SWIFT_EMIT_LOC_STRINGS = YES;
				SWIFT_VERSION = 5.0;
				TARGETED_DEVICE_FAMILY = "1,2";
			};
			name = Stage;
		};
		0549ECE927FA14D200F0790E /* Stage */ = {
			isa = XCBuildConfiguration;
			buildSettings = {
				ALWAYS_EMBED_SWIFT_STANDARD_LIBRARIES = YES;
				BUNDLE_LOADER = "$(TEST_HOST)";
				CLANG_ENABLE_MODULES = YES;
				CODE_SIGN_STYLE = Automatic;
				CURRENT_PROJECT_VERSION = 1;
				GENERATE_INFOPLIST_FILE = YES;
				IPHONEOS_DEPLOYMENT_TARGET = 15.2;
				LD_RUNPATH_SEARCH_PATHS = (
					"$(inherited)",
					"@executable_path/Frameworks",
					"@loader_path/Frameworks",
				);
				MARKETING_VERSION = 1.0;
				PRODUCT_BUNDLE_IDENTIFIER = com.drogel.MarvelTests;
				PRODUCT_NAME = "$(TARGET_NAME)";
				SWIFT_EMIT_LOC_STRINGS = NO;
				SWIFT_OPTIMIZATION_LEVEL = "-Onone";
				SWIFT_VERSION = 5.0;
				TARGETED_DEVICE_FAMILY = "1,2";
				TEST_HOST = "$(BUILT_PRODUCTS_DIR)/Marvel Debug.app/Marvel Debug";
			};
			name = Stage;
		};
		05DAC3202797258C0062CC6F /* Debug */ = {
			isa = XCBuildConfiguration;
			baseConfigurationReference = 0545944D2798872700A634AD /* Debug.xcconfig */;
			buildSettings = {
				ALWAYS_SEARCH_USER_PATHS = NO;
				CLANG_ANALYZER_LOCALIZABILITY_NONLOCALIZED = YES;
				CLANG_ANALYZER_NONNULL = YES;
				CLANG_ANALYZER_NUMBER_OBJECT_CONVERSION = YES_AGGRESSIVE;
				CLANG_CXX_LANGUAGE_STANDARD = "gnu++17";
				CLANG_CXX_LIBRARY = "libc++";
				CLANG_ENABLE_MODULES = YES;
				CLANG_ENABLE_OBJC_ARC = YES;
				CLANG_ENABLE_OBJC_WEAK = YES;
				CLANG_WARN_BLOCK_CAPTURE_AUTORELEASING = YES;
				CLANG_WARN_BOOL_CONVERSION = YES;
				CLANG_WARN_COMMA = YES;
				CLANG_WARN_CONSTANT_CONVERSION = YES;
				CLANG_WARN_DEPRECATED_OBJC_IMPLEMENTATIONS = YES;
				CLANG_WARN_DIRECT_OBJC_ISA_USAGE = YES_ERROR;
				CLANG_WARN_DOCUMENTATION_COMMENTS = YES;
				CLANG_WARN_EMPTY_BODY = YES;
				CLANG_WARN_ENUM_CONVERSION = YES;
				CLANG_WARN_INFINITE_RECURSION = YES;
				CLANG_WARN_INT_CONVERSION = YES;
				CLANG_WARN_NON_LITERAL_NULL_CONVERSION = YES;
				CLANG_WARN_OBJC_IMPLICIT_RETAIN_SELF = YES;
				CLANG_WARN_OBJC_LITERAL_CONVERSION = YES;
				CLANG_WARN_OBJC_ROOT_CLASS = YES_ERROR;
				CLANG_WARN_QUOTED_INCLUDE_IN_FRAMEWORK_HEADER = YES;
				CLANG_WARN_RANGE_LOOP_ANALYSIS = YES;
				CLANG_WARN_STRICT_PROTOTYPES = YES;
				CLANG_WARN_SUSPICIOUS_MOVE = YES;
				CLANG_WARN_UNGUARDED_AVAILABILITY = YES_AGGRESSIVE;
				CLANG_WARN_UNREACHABLE_CODE = YES;
				CLANG_WARN__DUPLICATE_METHOD_MATCH = YES;
				COPY_PHASE_STRIP = NO;
				DEBUG_INFORMATION_FORMAT = dwarf;
				ENABLE_STRICT_OBJC_MSGSEND = YES;
				ENABLE_TESTABILITY = YES;
				GCC_C_LANGUAGE_STANDARD = gnu11;
				GCC_DYNAMIC_NO_PIC = NO;
				GCC_NO_COMMON_BLOCKS = YES;
				GCC_OPTIMIZATION_LEVEL = 0;
				GCC_PREPROCESSOR_DEFINITIONS = (
					"DEBUG=1",
					"$(inherited)",
				);
				GCC_WARN_64_TO_32_BIT_CONVERSION = YES;
				GCC_WARN_ABOUT_RETURN_TYPE = YES_ERROR;
				GCC_WARN_UNDECLARED_SELECTOR = YES;
				GCC_WARN_UNINITIALIZED_AUTOS = YES_AGGRESSIVE;
				GCC_WARN_UNUSED_FUNCTION = YES;
				GCC_WARN_UNUSED_VARIABLE = YES;
				IPHONEOS_DEPLOYMENT_TARGET = 15.2;
				MTL_ENABLE_DEBUG_INFO = INCLUDE_SOURCE;
				MTL_FAST_MATH = YES;
				ONLY_ACTIVE_ARCH = YES;
				SDKROOT = iphoneos;
				SWIFT_ACTIVE_COMPILATION_CONDITIONS = DEBUG;
				SWIFT_OPTIMIZATION_LEVEL = "-Onone";
			};
			name = Debug;
		};
		05DAC3212797258C0062CC6F /* Release */ = {
			isa = XCBuildConfiguration;
			baseConfigurationReference = 0545944E2798872D00A634AD /* Release.xcconfig */;
			buildSettings = {
				ALWAYS_SEARCH_USER_PATHS = NO;
				CLANG_ANALYZER_LOCALIZABILITY_NONLOCALIZED = YES;
				CLANG_ANALYZER_NONNULL = YES;
				CLANG_ANALYZER_NUMBER_OBJECT_CONVERSION = YES_AGGRESSIVE;
				CLANG_CXX_LANGUAGE_STANDARD = "gnu++17";
				CLANG_CXX_LIBRARY = "libc++";
				CLANG_ENABLE_MODULES = YES;
				CLANG_ENABLE_OBJC_ARC = YES;
				CLANG_ENABLE_OBJC_WEAK = YES;
				CLANG_WARN_BLOCK_CAPTURE_AUTORELEASING = YES;
				CLANG_WARN_BOOL_CONVERSION = YES;
				CLANG_WARN_COMMA = YES;
				CLANG_WARN_CONSTANT_CONVERSION = YES;
				CLANG_WARN_DEPRECATED_OBJC_IMPLEMENTATIONS = YES;
				CLANG_WARN_DIRECT_OBJC_ISA_USAGE = YES_ERROR;
				CLANG_WARN_DOCUMENTATION_COMMENTS = YES;
				CLANG_WARN_EMPTY_BODY = YES;
				CLANG_WARN_ENUM_CONVERSION = YES;
				CLANG_WARN_INFINITE_RECURSION = YES;
				CLANG_WARN_INT_CONVERSION = YES;
				CLANG_WARN_NON_LITERAL_NULL_CONVERSION = YES;
				CLANG_WARN_OBJC_IMPLICIT_RETAIN_SELF = YES;
				CLANG_WARN_OBJC_LITERAL_CONVERSION = YES;
				CLANG_WARN_OBJC_ROOT_CLASS = YES_ERROR;
				CLANG_WARN_QUOTED_INCLUDE_IN_FRAMEWORK_HEADER = YES;
				CLANG_WARN_RANGE_LOOP_ANALYSIS = YES;
				CLANG_WARN_STRICT_PROTOTYPES = YES;
				CLANG_WARN_SUSPICIOUS_MOVE = YES;
				CLANG_WARN_UNGUARDED_AVAILABILITY = YES_AGGRESSIVE;
				CLANG_WARN_UNREACHABLE_CODE = YES;
				CLANG_WARN__DUPLICATE_METHOD_MATCH = YES;
				COPY_PHASE_STRIP = NO;
				DEBUG_INFORMATION_FORMAT = "dwarf-with-dsym";
				ENABLE_NS_ASSERTIONS = NO;
				ENABLE_STRICT_OBJC_MSGSEND = YES;
				GCC_C_LANGUAGE_STANDARD = gnu11;
				GCC_NO_COMMON_BLOCKS = YES;
				GCC_WARN_64_TO_32_BIT_CONVERSION = YES;
				GCC_WARN_ABOUT_RETURN_TYPE = YES_ERROR;
				GCC_WARN_UNDECLARED_SELECTOR = YES;
				GCC_WARN_UNINITIALIZED_AUTOS = YES_AGGRESSIVE;
				GCC_WARN_UNUSED_FUNCTION = YES;
				GCC_WARN_UNUSED_VARIABLE = YES;
				IPHONEOS_DEPLOYMENT_TARGET = 15.2;
				MTL_ENABLE_DEBUG_INFO = NO;
				MTL_FAST_MATH = YES;
				SDKROOT = iphoneos;
				SWIFT_COMPILATION_MODE = wholemodule;
				SWIFT_OPTIMIZATION_LEVEL = "-O";
				VALIDATE_PRODUCT = YES;
			};
			name = Release;
		};
		05DAC3232797258C0062CC6F /* Debug */ = {
			isa = XCBuildConfiguration;
			buildSettings = {
				ASSETCATALOG_COMPILER_APPICON_NAME = AppIcon;
				ASSETCATALOG_COMPILER_GLOBAL_ACCENT_COLOR_NAME = AccentColor;
				CODE_SIGN_STYLE = Automatic;
				CURRENT_PROJECT_VERSION = 1;
				GENERATE_INFOPLIST_FILE = YES;
				INFOPLIST_FILE = Marvel/Configuration/Info.plist;
				INFOPLIST_KEY_UIApplicationSupportsIndirectInputEvents = YES;
				INFOPLIST_KEY_UILaunchStoryboardName = LaunchScreen;
				INFOPLIST_KEY_UISupportedInterfaceOrientations_iPad = "UIInterfaceOrientationPortrait UIInterfaceOrientationPortraitUpsideDown UIInterfaceOrientationLandscapeLeft UIInterfaceOrientationLandscapeRight";
				INFOPLIST_KEY_UISupportedInterfaceOrientations_iPhone = "UIInterfaceOrientationPortrait UIInterfaceOrientationLandscapeLeft UIInterfaceOrientationLandscapeRight";
				LD_RUNPATH_SEARCH_PATHS = (
					"$(inherited)",
					"@executable_path/Frameworks",
				);
				MARKETING_VERSION = 1.1;
				PRODUCT_BUNDLE_IDENTIFIER = com.drogel.Marvel;
				PRODUCT_NAME = "$(PRODUCT_NAME)";
				SWIFT_EMIT_LOC_STRINGS = YES;
				SWIFT_VERSION = 5.0;
				TARGETED_DEVICE_FAMILY = "1,2";
			};
			name = Debug;
		};
		05DAC3242797258C0062CC6F /* Release */ = {
			isa = XCBuildConfiguration;
			buildSettings = {
				ASSETCATALOG_COMPILER_APPICON_NAME = AppIcon;
				ASSETCATALOG_COMPILER_GLOBAL_ACCENT_COLOR_NAME = AccentColor;
				CODE_SIGN_STYLE = Automatic;
				CURRENT_PROJECT_VERSION = 1;
				GENERATE_INFOPLIST_FILE = YES;
				INFOPLIST_FILE = Marvel/Configuration/Info.plist;
				INFOPLIST_KEY_UIApplicationSupportsIndirectInputEvents = YES;
				INFOPLIST_KEY_UILaunchStoryboardName = LaunchScreen;
				INFOPLIST_KEY_UISupportedInterfaceOrientations_iPad = "UIInterfaceOrientationPortrait UIInterfaceOrientationPortraitUpsideDown UIInterfaceOrientationLandscapeLeft UIInterfaceOrientationLandscapeRight";
				INFOPLIST_KEY_UISupportedInterfaceOrientations_iPhone = "UIInterfaceOrientationPortrait UIInterfaceOrientationLandscapeLeft UIInterfaceOrientationLandscapeRight";
				LD_RUNPATH_SEARCH_PATHS = (
					"$(inherited)",
					"@executable_path/Frameworks",
				);
				MARKETING_VERSION = 1.1;
				PRODUCT_BUNDLE_IDENTIFIER = com.drogel.Marvel;
				PRODUCT_NAME = "$(PRODUCT_NAME)";
				SWIFT_EMIT_LOC_STRINGS = YES;
				SWIFT_VERSION = 5.0;
				TARGETED_DEVICE_FAMILY = "1,2";
			};
			name = Release;
		};
		05DAC3262797258C0062CC6F /* Debug */ = {
			isa = XCBuildConfiguration;
			buildSettings = {
				ALWAYS_EMBED_SWIFT_STANDARD_LIBRARIES = YES;
				BUNDLE_LOADER = "$(TEST_HOST)";
				CLANG_ENABLE_MODULES = YES;
				CODE_SIGN_STYLE = Automatic;
				CURRENT_PROJECT_VERSION = 1;
				GENERATE_INFOPLIST_FILE = YES;
				IPHONEOS_DEPLOYMENT_TARGET = 15.2;
				LD_RUNPATH_SEARCH_PATHS = (
					"$(inherited)",
					"@executable_path/Frameworks",
					"@loader_path/Frameworks",
				);
				MARKETING_VERSION = 1.0;
				PRODUCT_BUNDLE_IDENTIFIER = com.drogel.MarvelTests;
				PRODUCT_NAME = "$(TARGET_NAME)";
				SWIFT_EMIT_LOC_STRINGS = NO;
				SWIFT_OPTIMIZATION_LEVEL = "-Onone";
				SWIFT_VERSION = 5.0;
				TARGETED_DEVICE_FAMILY = "1,2";
				TEST_HOST = "$(BUILT_PRODUCTS_DIR)/Marvel Debug.app/Marvel Debug";
			};
			name = Debug;
		};
		05DAC3272797258C0062CC6F /* Release */ = {
			isa = XCBuildConfiguration;
			buildSettings = {
				ALWAYS_EMBED_SWIFT_STANDARD_LIBRARIES = YES;
				BUNDLE_LOADER = "$(TEST_HOST)";
				CLANG_ENABLE_MODULES = YES;
				CODE_SIGN_STYLE = Automatic;
				CURRENT_PROJECT_VERSION = 1;
				GENERATE_INFOPLIST_FILE = YES;
				IPHONEOS_DEPLOYMENT_TARGET = 15.2;
				LD_RUNPATH_SEARCH_PATHS = (
					"$(inherited)",
					"@executable_path/Frameworks",
					"@loader_path/Frameworks",
				);
				MARKETING_VERSION = 1.0;
				PRODUCT_BUNDLE_IDENTIFIER = com.drogel.MarvelTests;
				PRODUCT_NAME = "$(TARGET_NAME)";
				SWIFT_EMIT_LOC_STRINGS = NO;
				SWIFT_VERSION = 5.0;
				TARGETED_DEVICE_FAMILY = "1,2";
				TEST_HOST = "$(BUILT_PRODUCTS_DIR)/Marvel Debug.app/Marvel Debug";
			};
			name = Release;
		};
/* End XCBuildConfiguration section */

/* Begin XCConfigurationList section */
		05DAC2F32797258A0062CC6F /* Build configuration list for PBXProject "Marvel" */ = {
			isa = XCConfigurationList;
			buildConfigurations = (
				05DAC3202797258C0062CC6F /* Debug */,
				0549ECE727FA14D200F0790E /* Stage */,
				05DAC3212797258C0062CC6F /* Release */,
			);
			defaultConfigurationIsVisible = 0;
			defaultConfigurationName = Release;
		};
		05DAC3222797258C0062CC6F /* Build configuration list for PBXNativeTarget "Marvel" */ = {
			isa = XCConfigurationList;
			buildConfigurations = (
				05DAC3232797258C0062CC6F /* Debug */,
				0549ECE827FA14D200F0790E /* Stage */,
				05DAC3242797258C0062CC6F /* Release */,
			);
			defaultConfigurationIsVisible = 0;
			defaultConfigurationName = Release;
		};
		05DAC3252797258C0062CC6F /* Build configuration list for PBXNativeTarget "MarvelTests" */ = {
			isa = XCConfigurationList;
			buildConfigurations = (
				05DAC3262797258C0062CC6F /* Debug */,
				0549ECE927FA14D200F0790E /* Stage */,
				05DAC3272797258C0062CC6F /* Release */,
			);
			defaultConfigurationIsVisible = 0;
			defaultConfigurationName = Release;
		};
/* End XCConfigurationList section */

/* Begin XCSwiftPackageProductDependency section */
		05586E0727FDA165001E8D29 /* TestUtils */ = {
			isa = XCSwiftPackageProductDependency;
			productName = TestUtils;
		};
		05586E0927FDA16A001E8D29 /* DomainTestUtils */ = {
			isa = XCSwiftPackageProductDependency;
			productName = DomainTestUtils;
		};
		059F164B27FD911500C4F383 /* TestUtils */ = {
			isa = XCSwiftPackageProductDependency;
			productName = TestUtils;
		};
		05BE8CA027FD97930013C857 /* DomainTestUtils */ = {
			isa = XCSwiftPackageProductDependency;
			productName = DomainTestUtils;
		};
		05BF196A27FCB2B500A5B10E /* Domain */ = {
			isa = XCSwiftPackageProductDependency;
			productName = Domain;
		};
		4C3717EB287B1D13000E1BD7 /* Presentation */ = {
			isa = XCSwiftPackageProductDependency;
			productName = Presentation;
		};
		4C9E7BC92879D8F70049420F /* Data */ = {
			isa = XCSwiftPackageProductDependency;
			productName = Data;
		};
		4CAF28342883089400D88D80 /* App */ = {
			isa = XCSwiftPackageProductDependency;
			productName = App;
		};
/* End XCSwiftPackageProductDependency section */
	};
	rootObject = 05DAC2F02797258A0062CC6F /* Project object */;
}
