// !$*UTF8*$!
{
	archiveVersion = 1;
	classes = {
	};
	objectVersion = 55;
	objects = {

/* Begin PBXBuildFile section */
		05DAC2FC2797258A0062CC6F /* AppDelegate.swift in Sources */ = {isa = PBXBuildFile; fileRef = 05DAC2FB2797258A0062CC6F /* AppDelegate.swift */; };
		05DAC2FE2797258A0062CC6F /* SceneDelegate.swift in Sources */ = {isa = PBXBuildFile; fileRef = 05DAC2FD2797258A0062CC6F /* SceneDelegate.swift */; };
		05DAC3002797258A0062CC6F /* CharactersViewController.swift in Sources */ = {isa = PBXBuildFile; fileRef = 05DAC2FF2797258A0062CC6F /* CharactersViewController.swift */; };
		05DAC3052797258C0062CC6F /* Assets.xcassets in Resources */ = {isa = PBXBuildFile; fileRef = 05DAC3042797258C0062CC6F /* Assets.xcassets */; };
		05DAC3082797258C0062CC6F /* LaunchScreen.storyboard in Resources */ = {isa = PBXBuildFile; fileRef = 05DAC3062797258C0062CC6F /* LaunchScreen.storyboard */; };
		05DAC3132797258C0062CC6F /* MarvelTests.swift in Sources */ = {isa = PBXBuildFile; fileRef = 05DAC3122797258C0062CC6F /* MarvelTests.swift */; };
		05DAC33727973A2A0062CC6F /* Identifiable.swift in Sources */ = {isa = PBXBuildFile; fileRef = 05DAC33627973A2A0062CC6F /* Identifiable.swift */; };
		05DAC33A27973A750062CC6F /* UICollectionReusableView+Identifiable.swift in Sources */ = {isa = PBXBuildFile; fileRef = 05DAC33927973A750062CC6F /* UICollectionReusableView+Identifiable.swift */; };
		05DAC33C27973AC40062CC6F /* CharacterCell.swift in Sources */ = {isa = PBXBuildFile; fileRef = 05DAC33B27973AC40062CC6F /* CharacterCell.swift */; };
		05DAC34027973C1A0062CC6F /* CharactersDataSource.swift in Sources */ = {isa = PBXBuildFile; fileRef = 05DAC33F27973C1A0062CC6F /* CharactersDataSource.swift */; };
		05DAC34327973E590062CC6F /* CharactersLayout.swift in Sources */ = {isa = PBXBuildFile; fileRef = 05DAC34227973E590062CC6F /* CharactersLayout.swift */; };
/* End PBXBuildFile section */

/* Begin PBXContainerItemProxy section */
		05DAC30F2797258C0062CC6F /* PBXContainerItemProxy */ = {
			isa = PBXContainerItemProxy;
			containerPortal = 05DAC2F02797258A0062CC6F /* Project object */;
			proxyType = 1;
			remoteGlobalIDString = 05DAC2F72797258A0062CC6F;
			remoteInfo = Marvel;
		};
/* End PBXContainerItemProxy section */

/* Begin PBXFileReference section */
		05DAC2F82797258A0062CC6F /* Marvel.app */ = {isa = PBXFileReference; explicitFileType = wrapper.application; includeInIndex = 0; path = Marvel.app; sourceTree = BUILT_PRODUCTS_DIR; };
		05DAC2FB2797258A0062CC6F /* AppDelegate.swift */ = {isa = PBXFileReference; lastKnownFileType = sourcecode.swift; path = AppDelegate.swift; sourceTree = "<group>"; };
		05DAC2FD2797258A0062CC6F /* SceneDelegate.swift */ = {isa = PBXFileReference; lastKnownFileType = sourcecode.swift; path = SceneDelegate.swift; sourceTree = "<group>"; };
		05DAC2FF2797258A0062CC6F /* CharactersViewController.swift */ = {isa = PBXFileReference; lastKnownFileType = sourcecode.swift; path = CharactersViewController.swift; sourceTree = "<group>"; };
		05DAC3042797258C0062CC6F /* Assets.xcassets */ = {isa = PBXFileReference; lastKnownFileType = folder.assetcatalog; path = Assets.xcassets; sourceTree = "<group>"; };
		05DAC3072797258C0062CC6F /* Base */ = {isa = PBXFileReference; lastKnownFileType = file.storyboard; name = Base; path = Base.lproj/LaunchScreen.storyboard; sourceTree = "<group>"; };
		05DAC3092797258C0062CC6F /* Info.plist */ = {isa = PBXFileReference; lastKnownFileType = text.plist.xml; path = Info.plist; sourceTree = "<group>"; };
		05DAC30E2797258C0062CC6F /* MarvelTests.xctest */ = {isa = PBXFileReference; explicitFileType = wrapper.cfbundle; includeInIndex = 0; path = MarvelTests.xctest; sourceTree = BUILT_PRODUCTS_DIR; };
		05DAC3122797258C0062CC6F /* MarvelTests.swift */ = {isa = PBXFileReference; lastKnownFileType = sourcecode.swift; path = MarvelTests.swift; sourceTree = "<group>"; };
		05DAC33627973A2A0062CC6F /* Identifiable.swift */ = {isa = PBXFileReference; lastKnownFileType = sourcecode.swift; path = Identifiable.swift; sourceTree = "<group>"; };
		05DAC33927973A750062CC6F /* UICollectionReusableView+Identifiable.swift */ = {isa = PBXFileReference; lastKnownFileType = sourcecode.swift; path = "UICollectionReusableView+Identifiable.swift"; sourceTree = "<group>"; };
		05DAC33B27973AC40062CC6F /* CharacterCell.swift */ = {isa = PBXFileReference; lastKnownFileType = sourcecode.swift; path = CharacterCell.swift; sourceTree = "<group>"; };
		05DAC33F27973C1A0062CC6F /* CharactersDataSource.swift */ = {isa = PBXFileReference; lastKnownFileType = sourcecode.swift; path = CharactersDataSource.swift; sourceTree = "<group>"; };
		05DAC34227973E590062CC6F /* CharactersLayout.swift */ = {isa = PBXFileReference; lastKnownFileType = sourcecode.swift; path = CharactersLayout.swift; sourceTree = "<group>"; };
/* End PBXFileReference section */

/* Begin PBXFrameworksBuildPhase section */
		05DAC2F52797258A0062CC6F /* Frameworks */ = {
			isa = PBXFrameworksBuildPhase;
			buildActionMask = 2147483647;
			files = (
			);
			runOnlyForDeploymentPostprocessing = 0;
		};
		05DAC30B2797258C0062CC6F /* Frameworks */ = {
			isa = PBXFrameworksBuildPhase;
			buildActionMask = 2147483647;
			files = (
			);
			runOnlyForDeploymentPostprocessing = 0;
		};
/* End PBXFrameworksBuildPhase section */

/* Begin PBXGroup section */
		05DAC2EF2797258A0062CC6F = {
			isa = PBXGroup;
			children = (
				05DAC2FA2797258A0062CC6F /* Marvel */,
				05DAC3112797258C0062CC6F /* MarvelTests */,
				05DAC2F92797258A0062CC6F /* Products */,
			);
			sourceTree = "<group>";
		};
		05DAC2F92797258A0062CC6F /* Products */ = {
			isa = PBXGroup;
			children = (
				05DAC2F82797258A0062CC6F /* Marvel.app */,
				05DAC30E2797258C0062CC6F /* MarvelTests.xctest */,
			);
			name = Products;
			sourceTree = "<group>";
		};
		05DAC2FA2797258A0062CC6F /* Marvel */ = {
			isa = PBXGroup;
			children = (
				05DAC32D2797396C0062CC6F /* Resources */,
				05DAC32B279739610062CC6F /* Sources */,
			);
			path = Marvel;
			sourceTree = "<group>";
		};
		05DAC3112797258C0062CC6F /* MarvelTests */ = {
			isa = PBXGroup;
			children = (
				05DAC3122797258C0062CC6F /* MarvelTests.swift */,
			);
			path = MarvelTests;
			sourceTree = "<group>";
		};
		05DAC32B279739610062CC6F /* Sources */ = {
			isa = PBXGroup;
			children = (
				05DAC33327973A020062CC6F /* Common */,
				05DAC330279739950062CC6F /* Presentation */,
				05DAC32F279739920062CC6F /* Domain */,
				05DAC32E2797398E0062CC6F /* App */,
			);
			path = Sources;
			sourceTree = "<group>";
		};
		05DAC32D2797396C0062CC6F /* Resources */ = {
			isa = PBXGroup;
			children = (
				05DAC3042797258C0062CC6F /* Assets.xcassets */,
				05DAC3062797258C0062CC6F /* LaunchScreen.storyboard */,
				05DAC3092797258C0062CC6F /* Info.plist */,
			);
			path = Resources;
			sourceTree = "<group>";
		};
		05DAC32E2797398E0062CC6F /* App */ = {
			isa = PBXGroup;
			children = (
				05DAC2FB2797258A0062CC6F /* AppDelegate.swift */,
				05DAC2FD2797258A0062CC6F /* SceneDelegate.swift */,
			);
			path = App;
			sourceTree = "<group>";
		};
		05DAC32F279739920062CC6F /* Domain */ = {
			isa = PBXGroup;
			children = (
			);
			path = Domain;
			sourceTree = "<group>";
		};
		05DAC330279739950062CC6F /* Presentation */ = {
			isa = PBXGroup;
			children = (
				05DAC33D27973BED0062CC6F /* Characters */,
			);
			path = Presentation;
			sourceTree = "<group>";
		};
		05DAC331279739B20062CC6F /* ViewControllers */ = {
			isa = PBXGroup;
			children = (
				05DAC2FF2797258A0062CC6F /* CharactersViewController.swift */,
			);
			path = ViewControllers;
			sourceTree = "<group>";
		};
		05DAC332279739BB0062CC6F /* Views */ = {
			isa = PBXGroup;
			children = (
				05DAC33B27973AC40062CC6F /* CharacterCell.swift */,
			);
			path = Views;
			sourceTree = "<group>";
		};
		05DAC33327973A020062CC6F /* Common */ = {
			isa = PBXGroup;
			children = (
				05DAC33827973A5E0062CC6F /* Protocols */,
				05DAC33427973A060062CC6F /* Extensions */,
			);
			path = Common;
			sourceTree = "<group>";
		};
		05DAC33427973A060062CC6F /* Extensions */ = {
			isa = PBXGroup;
			children = (
				05DAC33927973A750062CC6F /* UICollectionReusableView+Identifiable.swift */,
			);
			path = Extensions;
			sourceTree = "<group>";
		};
		05DAC33827973A5E0062CC6F /* Protocols */ = {
			isa = PBXGroup;
			children = (
				05DAC33627973A2A0062CC6F /* Identifiable.swift */,
			);
			path = Protocols;
			sourceTree = "<group>";
		};
		05DAC33D27973BED0062CC6F /* Characters */ = {
			isa = PBXGroup;
			children = (
				05DAC34127973E3C0062CC6F /* Layouts */,
				05DAC33E27973BF80062CC6F /* DataSources */,
				05DAC332279739BB0062CC6F /* Views */,
				05DAC331279739B20062CC6F /* ViewControllers */,
			);
			path = Characters;
			sourceTree = "<group>";
		};
		05DAC33E27973BF80062CC6F /* DataSources */ = {
			isa = PBXGroup;
			children = (
				05DAC33F27973C1A0062CC6F /* CharactersDataSource.swift */,
			);
			path = DataSources;
			sourceTree = "<group>";
		};
		05DAC34127973E3C0062CC6F /* Layouts */ = {
			isa = PBXGroup;
			children = (
				05DAC34227973E590062CC6F /* CharactersLayout.swift */,
			);
			path = Layouts;
			sourceTree = "<group>";
		};
/* End PBXGroup section */

/* Begin PBXNativeTarget section */
		05DAC2F72797258A0062CC6F /* Marvel */ = {
			isa = PBXNativeTarget;
			buildConfigurationList = 05DAC3222797258C0062CC6F /* Build configuration list for PBXNativeTarget "Marvel" */;
			buildPhases = (
				05DAC2F42797258A0062CC6F /* Sources */,
				05DAC2F52797258A0062CC6F /* Frameworks */,
				05DAC2F62797258A0062CC6F /* Resources */,
			);
			buildRules = (
			);
			dependencies = (
			);
			name = Marvel;
			productName = Marvel;
			productReference = 05DAC2F82797258A0062CC6F /* Marvel.app */;
			productType = "com.apple.product-type.application";
		};
		05DAC30D2797258C0062CC6F /* MarvelTests */ = {
			isa = PBXNativeTarget;
			buildConfigurationList = 05DAC3252797258C0062CC6F /* Build configuration list for PBXNativeTarget "MarvelTests" */;
			buildPhases = (
				05DAC30A2797258C0062CC6F /* Sources */,
				05DAC30B2797258C0062CC6F /* Frameworks */,
				05DAC30C2797258C0062CC6F /* Resources */,
			);
			buildRules = (
			);
			dependencies = (
				05DAC3102797258C0062CC6F /* PBXTargetDependency */,
			);
			name = MarvelTests;
			productName = MarvelTests;
			productReference = 05DAC30E2797258C0062CC6F /* MarvelTests.xctest */;
			productType = "com.apple.product-type.bundle.unit-test";
		};
/* End PBXNativeTarget section */

/* Begin PBXProject section */
		05DAC2F02797258A0062CC6F /* Project object */ = {
			isa = PBXProject;
			attributes = {
				BuildIndependentTargetsInParallel = 1;
				LastSwiftUpdateCheck = 1320;
				LastUpgradeCheck = 1320;
				TargetAttributes = {
					05DAC2F72797258A0062CC6F = {
						CreatedOnToolsVersion = 13.2.1;
					};
					05DAC30D2797258C0062CC6F = {
						CreatedOnToolsVersion = 13.2.1;
						TestTargetID = 05DAC2F72797258A0062CC6F;
					};
				};
			};
			buildConfigurationList = 05DAC2F32797258A0062CC6F /* Build configuration list for PBXProject "Marvel" */;
			compatibilityVersion = "Xcode 13.0";
			developmentRegion = en;
			hasScannedForEncodings = 0;
			knownRegions = (
				en,
				Base,
			);
			mainGroup = 05DAC2EF2797258A0062CC6F;
			productRefGroup = 05DAC2F92797258A0062CC6F /* Products */;
			projectDirPath = "";
			projectRoot = "";
			targets = (
				05DAC2F72797258A0062CC6F /* Marvel */,
				05DAC30D2797258C0062CC6F /* MarvelTests */,
			);
		};
/* End PBXProject section */

/* Begin PBXResourcesBuildPhase section */
		05DAC2F62797258A0062CC6F /* Resources */ = {
			isa = PBXResourcesBuildPhase;
			buildActionMask = 2147483647;
			files = (
				05DAC3082797258C0062CC6F /* LaunchScreen.storyboard in Resources */,
				05DAC3052797258C0062CC6F /* Assets.xcassets in Resources */,
			);
			runOnlyForDeploymentPostprocessing = 0;
		};
		05DAC30C2797258C0062CC6F /* Resources */ = {
			isa = PBXResourcesBuildPhase;
			buildActionMask = 2147483647;
			files = (
			);
			runOnlyForDeploymentPostprocessing = 0;
		};
/* End PBXResourcesBuildPhase section */

/* Begin PBXSourcesBuildPhase section */
		05DAC2F42797258A0062CC6F /* Sources */ = {
			isa = PBXSourcesBuildPhase;
			buildActionMask = 2147483647;
			files = (
				05DAC3002797258A0062CC6F /* CharactersViewController.swift in Sources */,
				05DAC34027973C1A0062CC6F /* CharactersDataSource.swift in Sources */,
				05DAC33A27973A750062CC6F /* UICollectionReusableView+Identifiable.swift in Sources */,
				05DAC33727973A2A0062CC6F /* Identifiable.swift in Sources */,
				05DAC33C27973AC40062CC6F /* CharacterCell.swift in Sources */,
				05DAC2FC2797258A0062CC6F /* AppDelegate.swift in Sources */,
				05DAC2FE2797258A0062CC6F /* SceneDelegate.swift in Sources */,
				05DAC34327973E590062CC6F /* CharactersLayout.swift in Sources */,
			);
			runOnlyForDeploymentPostprocessing = 0;
		};
		05DAC30A2797258C0062CC6F /* Sources */ = {
			isa = PBXSourcesBuildPhase;
			buildActionMask = 2147483647;
			files = (
				05DAC3132797258C0062CC6F /* MarvelTests.swift in Sources */,
			);
			runOnlyForDeploymentPostprocessing = 0;
		};
/* End PBXSourcesBuildPhase section */

/* Begin PBXTargetDependency section */
		05DAC3102797258C0062CC6F /* PBXTargetDependency */ = {
			isa = PBXTargetDependency;
			target = 05DAC2F72797258A0062CC6F /* Marvel */;
			targetProxy = 05DAC30F2797258C0062CC6F /* PBXContainerItemProxy */;
		};
/* End PBXTargetDependency section */

/* Begin PBXVariantGroup section */
		05DAC3062797258C0062CC6F /* LaunchScreen.storyboard */ = {
			isa = PBXVariantGroup;
			children = (
				05DAC3072797258C0062CC6F /* Base */,
			);
			name = LaunchScreen.storyboard;
			sourceTree = "<group>";
		};
/* End PBXVariantGroup section */

/* Begin XCBuildConfiguration section */
		05DAC3202797258C0062CC6F /* Debug */ = {
			isa = XCBuildConfiguration;
			buildSettings = {
				ALWAYS_SEARCH_USER_PATHS = NO;
				CLANG_ANALYZER_NONNULL = YES;
				CLANG_ANALYZER_NUMBER_OBJECT_CONVERSION = YES_AGGRESSIVE;
				CLANG_CXX_LANGUAGE_STANDARD = "gnu++17";
				CLANG_CXX_LIBRARY = "libc++";
				CLANG_ENABLE_MODULES = YES;
				CLANG_ENABLE_OBJC_ARC = YES;
				CLANG_ENABLE_OBJC_WEAK = YES;
				CLANG_WARN_BLOCK_CAPTURE_AUTORELEASING = YES;
				CLANG_WARN_BOOL_CONVERSION = YES;
				CLANG_WARN_COMMA = YES;
				CLANG_WARN_CONSTANT_CONVERSION = YES;
				CLANG_WARN_DEPRECATED_OBJC_IMPLEMENTATIONS = YES;
				CLANG_WARN_DIRECT_OBJC_ISA_USAGE = YES_ERROR;
				CLANG_WARN_DOCUMENTATION_COMMENTS = YES;
				CLANG_WARN_EMPTY_BODY = YES;
				CLANG_WARN_ENUM_CONVERSION = YES;
				CLANG_WARN_INFINITE_RECURSION = YES;
				CLANG_WARN_INT_CONVERSION = YES;
				CLANG_WARN_NON_LITERAL_NULL_CONVERSION = YES;
				CLANG_WARN_OBJC_IMPLICIT_RETAIN_SELF = YES;
				CLANG_WARN_OBJC_LITERAL_CONVERSION = YES;
				CLANG_WARN_OBJC_ROOT_CLASS = YES_ERROR;
				CLANG_WARN_QUOTED_INCLUDE_IN_FRAMEWORK_HEADER = YES;
				CLANG_WARN_RANGE_LOOP_ANALYSIS = YES;
				CLANG_WARN_STRICT_PROTOTYPES = YES;
				CLANG_WARN_SUSPICIOUS_MOVE = YES;
				CLANG_WARN_UNGUARDED_AVAILABILITY = YES_AGGRESSIVE;
				CLANG_WARN_UNREACHABLE_CODE = YES;
				CLANG_WARN__DUPLICATE_METHOD_MATCH = YES;
				COPY_PHASE_STRIP = NO;
				DEBUG_INFORMATION_FORMAT = dwarf;
				ENABLE_STRICT_OBJC_MSGSEND = YES;
				ENABLE_TESTABILITY = YES;
				GCC_C_LANGUAGE_STANDARD = gnu11;
				GCC_DYNAMIC_NO_PIC = NO;
				GCC_NO_COMMON_BLOCKS = YES;
				GCC_OPTIMIZATION_LEVEL = 0;
				GCC_PREPROCESSOR_DEFINITIONS = (
					"DEBUG=1",
					"$(inherited)",
				);
				GCC_WARN_64_TO_32_BIT_CONVERSION = YES;
				GCC_WARN_ABOUT_RETURN_TYPE = YES_ERROR;
				GCC_WARN_UNDECLARED_SELECTOR = YES;
				GCC_WARN_UNINITIALIZED_AUTOS = YES_AGGRESSIVE;
				GCC_WARN_UNUSED_FUNCTION = YES;
				GCC_WARN_UNUSED_VARIABLE = YES;
				IPHONEOS_DEPLOYMENT_TARGET = 15.2;
				MTL_ENABLE_DEBUG_INFO = INCLUDE_SOURCE;
				MTL_FAST_MATH = YES;
				ONLY_ACTIVE_ARCH = YES;
				SDKROOT = iphoneos;
				SWIFT_ACTIVE_COMPILATION_CONDITIONS = DEBUG;
				SWIFT_OPTIMIZATION_LEVEL = "-Onone";
			};
			name = Debug;
		};
		05DAC3212797258C0062CC6F /* Release */ = {
			isa = XCBuildConfiguration;
			buildSettings = {
				ALWAYS_SEARCH_USER_PATHS = NO;
				CLANG_ANALYZER_NONNULL = YES;
				CLANG_ANALYZER_NUMBER_OBJECT_CONVERSION = YES_AGGRESSIVE;
				CLANG_CXX_LANGUAGE_STANDARD = "gnu++17";
				CLANG_CXX_LIBRARY = "libc++";
				CLANG_ENABLE_MODULES = YES;
				CLANG_ENABLE_OBJC_ARC = YES;
				CLANG_ENABLE_OBJC_WEAK = YES;
				CLANG_WARN_BLOCK_CAPTURE_AUTORELEASING = YES;
				CLANG_WARN_BOOL_CONVERSION = YES;
				CLANG_WARN_COMMA = YES;
				CLANG_WARN_CONSTANT_CONVERSION = YES;
				CLANG_WARN_DEPRECATED_OBJC_IMPLEMENTATIONS = YES;
				CLANG_WARN_DIRECT_OBJC_ISA_USAGE = YES_ERROR;
				CLANG_WARN_DOCUMENTATION_COMMENTS = YES;
				CLANG_WARN_EMPTY_BODY = YES;
				CLANG_WARN_ENUM_CONVERSION = YES;
				CLANG_WARN_INFINITE_RECURSION = YES;
				CLANG_WARN_INT_CONVERSION = YES;
				CLANG_WARN_NON_LITERAL_NULL_CONVERSION = YES;
				CLANG_WARN_OBJC_IMPLICIT_RETAIN_SELF = YES;
				CLANG_WARN_OBJC_LITERAL_CONVERSION = YES;
				CLANG_WARN_OBJC_ROOT_CLASS = YES_ERROR;
				CLANG_WARN_QUOTED_INCLUDE_IN_FRAMEWORK_HEADER = YES;
				CLANG_WARN_RANGE_LOOP_ANALYSIS = YES;
				CLANG_WARN_STRICT_PROTOTYPES = YES;
				CLANG_WARN_SUSPICIOUS_MOVE = YES;
				CLANG_WARN_UNGUARDED_AVAILABILITY = YES_AGGRESSIVE;
				CLANG_WARN_UNREACHABLE_CODE = YES;
				CLANG_WARN__DUPLICATE_METHOD_MATCH = YES;
				COPY_PHASE_STRIP = NO;
				DEBUG_INFORMATION_FORMAT = "dwarf-with-dsym";
				ENABLE_NS_ASSERTIONS = NO;
				ENABLE_STRICT_OBJC_MSGSEND = YES;
				GCC_C_LANGUAGE_STANDARD = gnu11;
				GCC_NO_COMMON_BLOCKS = YES;
				GCC_WARN_64_TO_32_BIT_CONVERSION = YES;
				GCC_WARN_ABOUT_RETURN_TYPE = YES_ERROR;
				GCC_WARN_UNDECLARED_SELECTOR = YES;
				GCC_WARN_UNINITIALIZED_AUTOS = YES_AGGRESSIVE;
				GCC_WARN_UNUSED_FUNCTION = YES;
				GCC_WARN_UNUSED_VARIABLE = YES;
				IPHONEOS_DEPLOYMENT_TARGET = 15.2;
				MTL_ENABLE_DEBUG_INFO = NO;
				MTL_FAST_MATH = YES;
				SDKROOT = iphoneos;
				SWIFT_COMPILATION_MODE = wholemodule;
				SWIFT_OPTIMIZATION_LEVEL = "-O";
				VALIDATE_PRODUCT = YES;
			};
			name = Release;
		};
		05DAC3232797258C0062CC6F /* Debug */ = {
			isa = XCBuildConfiguration;
			buildSettings = {
				ASSETCATALOG_COMPILER_APPICON_NAME = AppIcon;
				ASSETCATALOG_COMPILER_GLOBAL_ACCENT_COLOR_NAME = AccentColor;
				CODE_SIGN_STYLE = Automatic;
				CURRENT_PROJECT_VERSION = 1;
				GENERATE_INFOPLIST_FILE = YES;
				INFOPLIST_FILE = Marvel/Info.plist;
				INFOPLIST_KEY_UIApplicationSupportsIndirectInputEvents = YES;
				INFOPLIST_KEY_UILaunchStoryboardName = LaunchScreen;
				INFOPLIST_KEY_UISupportedInterfaceOrientations_iPad = "UIInterfaceOrientationPortrait UIInterfaceOrientationPortraitUpsideDown UIInterfaceOrientationLandscapeLeft UIInterfaceOrientationLandscapeRight";
				INFOPLIST_KEY_UISupportedInterfaceOrientations_iPhone = "UIInterfaceOrientationPortrait UIInterfaceOrientationLandscapeLeft UIInterfaceOrientationLandscapeRight";
				LD_RUNPATH_SEARCH_PATHS = (
					"$(inherited)",
					"@executable_path/Frameworks",
				);
				MARKETING_VERSION = 1.0;
				PRODUCT_BUNDLE_IDENTIFIER = com.drogel.Marvel;
				PRODUCT_NAME = "$(TARGET_NAME)";
				SWIFT_EMIT_LOC_STRINGS = YES;
				SWIFT_VERSION = 5.0;
				TARGETED_DEVICE_FAMILY = "1,2";
			};
			name = Debug;
		};
		05DAC3242797258C0062CC6F /* Release */ = {
			isa = XCBuildConfiguration;
			buildSettings = {
				ASSETCATALOG_COMPILER_APPICON_NAME = AppIcon;
				ASSETCATALOG_COMPILER_GLOBAL_ACCENT_COLOR_NAME = AccentColor;
				CODE_SIGN_STYLE = Automatic;
				CURRENT_PROJECT_VERSION = 1;
				GENERATE_INFOPLIST_FILE = YES;
				INFOPLIST_FILE = Marvel/Info.plist;
				INFOPLIST_KEY_UIApplicationSupportsIndirectInputEvents = YES;
				INFOPLIST_KEY_UILaunchStoryboardName = LaunchScreen;
				INFOPLIST_KEY_UISupportedInterfaceOrientations_iPad = "UIInterfaceOrientationPortrait UIInterfaceOrientationPortraitUpsideDown UIInterfaceOrientationLandscapeLeft UIInterfaceOrientationLandscapeRight";
				INFOPLIST_KEY_UISupportedInterfaceOrientations_iPhone = "UIInterfaceOrientationPortrait UIInterfaceOrientationLandscapeLeft UIInterfaceOrientationLandscapeRight";
				LD_RUNPATH_SEARCH_PATHS = (
					"$(inherited)",
					"@executable_path/Frameworks",
				);
				MARKETING_VERSION = 1.0;
				PRODUCT_BUNDLE_IDENTIFIER = com.drogel.Marvel;
				PRODUCT_NAME = "$(TARGET_NAME)";
				SWIFT_EMIT_LOC_STRINGS = YES;
				SWIFT_VERSION = 5.0;
				TARGETED_DEVICE_FAMILY = "1,2";
			};
			name = Release;
		};
		05DAC3262797258C0062CC6F /* Debug */ = {
			isa = XCBuildConfiguration;
			buildSettings = {
				ALWAYS_EMBED_SWIFT_STANDARD_LIBRARIES = YES;
				BUNDLE_LOADER = "$(TEST_HOST)";
				CODE_SIGN_STYLE = Automatic;
				CURRENT_PROJECT_VERSION = 1;
				GENERATE_INFOPLIST_FILE = YES;
				IPHONEOS_DEPLOYMENT_TARGET = 15.2;
				MARKETING_VERSION = 1.0;
				PRODUCT_BUNDLE_IDENTIFIER = com.drogel.MarvelTests;
				PRODUCT_NAME = "$(TARGET_NAME)";
				SWIFT_EMIT_LOC_STRINGS = NO;
				SWIFT_VERSION = 5.0;
				TARGETED_DEVICE_FAMILY = "1,2";
				TEST_HOST = "$(BUILT_PRODUCTS_DIR)/Marvel.app/Marvel";
			};
			name = Debug;
		};
		05DAC3272797258C0062CC6F /* Release */ = {
			isa = XCBuildConfiguration;
			buildSettings = {
				ALWAYS_EMBED_SWIFT_STANDARD_LIBRARIES = YES;
				BUNDLE_LOADER = "$(TEST_HOST)";
				CODE_SIGN_STYLE = Automatic;
				CURRENT_PROJECT_VERSION = 1;
				GENERATE_INFOPLIST_FILE = YES;
				IPHONEOS_DEPLOYMENT_TARGET = 15.2;
				MARKETING_VERSION = 1.0;
				PRODUCT_BUNDLE_IDENTIFIER = com.drogel.MarvelTests;
				PRODUCT_NAME = "$(TARGET_NAME)";
				SWIFT_EMIT_LOC_STRINGS = NO;
				SWIFT_VERSION = 5.0;
				TARGETED_DEVICE_FAMILY = "1,2";
				TEST_HOST = "$(BUILT_PRODUCTS_DIR)/Marvel.app/Marvel";
			};
			name = Release;
		};
/* End XCBuildConfiguration section */

/* Begin XCConfigurationList section */
		05DAC2F32797258A0062CC6F /* Build configuration list for PBXProject "Marvel" */ = {
			isa = XCConfigurationList;
			buildConfigurations = (
				05DAC3202797258C0062CC6F /* Debug */,
				05DAC3212797258C0062CC6F /* Release */,
			);
			defaultConfigurationIsVisible = 0;
			defaultConfigurationName = Release;
		};
		05DAC3222797258C0062CC6F /* Build configuration list for PBXNativeTarget "Marvel" */ = {
			isa = XCConfigurationList;
			buildConfigurations = (
				05DAC3232797258C0062CC6F /* Debug */,
				05DAC3242797258C0062CC6F /* Release */,
			);
			defaultConfigurationIsVisible = 0;
			defaultConfigurationName = Release;
		};
		05DAC3252797258C0062CC6F /* Build configuration list for PBXNativeTarget "MarvelTests" */ = {
			isa = XCConfigurationList;
			buildConfigurations = (
				05DAC3262797258C0062CC6F /* Debug */,
				05DAC3272797258C0062CC6F /* Release */,
			);
			defaultConfigurationIsVisible = 0;
			defaultConfigurationName = Release;
		};
/* End XCConfigurationList section */
	};
	rootObject = 05DAC2F02797258A0062CC6F /* Project object */;
}
